{
  "name": "@ristostevcev/bs-callbag-share",
  "version": "1.0.0",
  "lockfileVersion": 1,
  "requires": true,
  "dependencies": {
    "@ristostevcev/bs-callbag": {
      "version": "1.1.0",
      "resolved": "https://registry.npmjs.org/@ristostevcev/bs-callbag/-/bs-callbag-1.1.0.tgz",
      "integrity": "sha512-jsPZV2cWj9gSpZDGs8xA3GxAuhCJYvB/NHuzxMw5SAGoaXVWwMZD+XtkPlnpdU9nFGGUXSyMn160Ge0MfFKxQQ=="
    },
    "@ristostevcev/bs-callbag-for-each": {
      "version": "1.0.0",
      "resolved": "https://registry.npmjs.org/@ristostevcev/bs-callbag-for-each/-/bs-callbag-for-each-1.0.0.tgz",
      "integrity": "sha512-2sWz5dZZHYQxePdOncd/eNlX3Dbvwi7GuxKp7bgLsc6A6cvRfilHyIykClNqXH7UfproeNE5C6EVThSW4o5ceQ==",
      "dev": true,
      "requires": {
        "callbag-for-each": "^1.1.0"
      }
    },
    "@ristostevcev/bs-callbag-interval": {
      "version": "1.0.0",
      "resolved": "https://registry.npmjs.org/@ristostevcev/bs-callbag-interval/-/bs-callbag-interval-1.0.0.tgz",
      "integrity": "sha512-4xhRhLdIqT9ObiMXiOAOocHpEVFtWJgch12jPgIBZ5MyG9Sri2b5P7bm3PFNG9iL+HtvNrgmizEjKdwpsKMQaA==",
      "dev": true,
      "requires": {
        "@ristostevcev/bs-callbag": "^1.1.0",
        "callbag-interval": "^1.1.0"
      },
      "dependencies": {
        "@ristostevcev/bs-callbag": {
          "version": "1.1.0",
          "resolved": "https://registry.npmjs.org/@ristostevcev/bs-callbag/-/bs-callbag-1.1.0.tgz",
          "integrity": "sha512-jsPZV2cWj9gSpZDGs8xA3GxAuhCJYvB/NHuzxMw5SAGoaXVWwMZD+XtkPlnpdU9nFGGUXSyMn160Ge0MfFKxQQ==",
          "dev": true
        }
      }
    },
    "bs-platform": {
      "version": "4.0.3",
      "resolved": "https://registry.npmjs.org/bs-platform/-/bs-platform-4.0.3.tgz",
      "integrity": "sha1-RRDByRXMWxabVxflwK2lLT+Z/5g=",
      "dev": true
    },
    "callbag": {
      "version": "1.1.0",
      "resolved": "https://registry.npmjs.org/callbag/-/callbag-1.1.0.tgz",
      "integrity": "sha512-JVZp2vA53+THwOOan8eedGhS7xwzwR1u8HFK02WDMI9pITGoQ42j2sYP742qs7yddtEjIDGgNe1Y6DN90w3oIQ==",
      "dev": true
    },
    "callbag-for-each": {
      "version": "1.1.0",
      "resolved": "https://registry.npmjs.org/callbag-for-each/-/callbag-for-each-1.1.0.tgz",
      "integrity": "sha512-/FKC/dd3hnw/M1G5mlZrz/+UbtHYPz5PsmmBvpthNb67v6XuQlT93BzxQDxRHAalAjsOci8ZqoYFgmmJxwGhvg==",
      "dev": true,
      "requires": {
        "callbag": "^1.1.0"
      }
    },
    "callbag-interval": {
      "version": "1.1.0",
      "resolved": "https://registry.npmjs.org/callbag-interval/-/callbag-interval-1.1.0.tgz",
      "integrity": "sha512-xkYj7t/l9+GaP0kvPi6LadF3ZNSiQAhbEzwnnTrDB/UtkBCrzKPZ9Kiti8P8oHYxL2jGEuRWi86PD3uM7qXLbg==",
      "dev": true,
      "requires": {
        "callbag": "^1.1.0"
      }
    },
    "callbag-share": {
      "version": "1.1.1",
      "resolved": "https://registry.npmjs.org/callbag-share/-/callbag-share-1.1.1.tgz",
      "integrity": "sha512-N1IftKRzKOLLQWFYUTKn4NOP5i1r7Snpyfp4iPC9WewaWB9LORYj8k0cBmQRtsnob9JI1UgEAMUs26P5f+a4qg=="
    }
  }
}
